{
  "name": "playground",
  "version": "0.0.1",
  "lockfileVersion": 1,
  "requires": true,
  "dependencies": {
    "@ionic/core": {
      "version": "5.6.8",
      "resolved": "https://registry.npmjs.org/@ionic/core/-/core-5.6.8.tgz",
      "integrity": "sha512-JWrRGzw4SyyemjycPEh516fAkgFVtLp6RMPTH3uzK8L+DLfqJ/QU4Uccu89QqdcG/TBD75r3wkUtbKL2YlL8PQ==",
      "dev": true,
      "requires": {
        "@stencil/core": "^2.4.0",
        "ionicons": "^5.5.1",
        "tslib": "^2.1.0"
      }
    },
    "@lit/reactive-element": {
      "version": "1.0.0-rc.2",
      "resolved": "https://registry.npmjs.org/@lit/reactive-element/-/reactive-element-1.0.0-rc.2.tgz",
      "integrity": "sha512-cujeIl5Ei8FC7UHf4/4Q3bRJOtdTe1vpJV/JEBYCggedmQ+2P8A2oz7eE+Vxi6OJ4nc0X+KZxXnBoH4QrEbmEQ=="
    },
    "@saasquatch/dom-context-hooks": {
      "version": "1.0.0",
      "resolved": "https://registry.npmjs.org/@saasquatch/dom-context-hooks/-/dom-context-hooks-1.0.0.tgz",
      "integrity": "sha512-i39DNoEfBV/jA2xCjsbJQfOIEjZ4QbufcyfiVOH5LoHNlJxLxFVyD1HlR8NQGHVKWyd8VAvkiQTZdYD0R0poSA==",
      "requires": {
        "@saasquatch/universal-hooks": "^1.0.0",
        "dom-context": "^1.0.1"
      }
    },
    "@saasquatch/stencil-hooks": {
      "version": "2.0.1-0",
      "resolved": "https://registry.npmjs.org/@saasquatch/stencil-hooks/-/stencil-hooks-2.0.1-0.tgz",
      "integrity": "sha512-gh0hmn26tnk9fNEEF+Am8KFnCYUV1rPIMIWAJNpw05uW6awW2s3xouWJzskYCqCYrrZ2uok/PICfhfITWmWbFg==",
      "requires": {
        "@saasquatch/dom-context-hooks": "^1.0.0",
        "@stencil/core": "^2",
        "debug": "^4.3.1",
        "dom-context": "^1.2.0",
        "haunted": "^4.7.1"
      }
    },
    "@saasquatch/universal-hooks": {
      "version": "1.0.0",
      "resolved": "https://registry.npmjs.org/@saasquatch/universal-hooks/-/universal-hooks-1.0.0.tgz",
      "integrity": "sha512-afvknW4VA/1L1gbqBXJg3JCRzE4Ud8OkhCl1noGKt/cKa/Ec+G8OCBFAOiTxdGVSZkVQ2iqhTam+ugDY9sQUuQ=="
    },
    "@stencil/core": {
      "version": "2.6.0",
      "resolved": "https://registry.npmjs.org/@stencil/core/-/core-2.6.0.tgz",
      "integrity": "sha512-QsxWayZyusnqSZrlCl81R71rA3KqFjVVQSH4E0rGN15F1GdQaFonKlHLyCOLKLig1zzC+DQkLLiUuocexuvdeQ=="
    },
    "@types/node": {
      "version": "15.12.1",
      "resolved": "https://registry.npmjs.org/@types/node/-/node-15.12.1.tgz",
      "integrity": "sha512-zyxJM8I1c9q5sRMtVF+zdd13Jt6RU4r4qfhTd7lQubyThvLfx6yYekWSQjGCGV2Tkecgxnlpl/DNlb6Hg+dmEw=="
    },
    "debug": {
      "version": "4.3.1",
      "resolved": "https://registry.npmjs.org/debug/-/debug-4.3.1.tgz",
      "integrity": "sha512-doEwdvm4PCeK4K3RQN2ZC2BYUBaxwLARCqZmMjtF8a51J2Rb0xpVloFRnCODwqjpwnAoao4pelN8l3RJdv3gRQ==",
      "requires": {
        "ms": "2.1.2"
      }
    },
    "dom-context": {
      "version": "1.2.0",
      "resolved": "https://registry.npmjs.org/dom-context/-/dom-context-1.2.0.tgz",
      "integrity": "sha512-Im58euB0LGoJ2hQXwSBha3naL4ROu8bfgXn+1pBXJ46XflpsNU+BpsZTw/Ak2cAS4trgU7HveDSrw0xttn2G6A=="
    },
    "haunted": {
      "version": "4.8.1",
      "resolved": "https://registry.npmjs.org/haunted/-/haunted-4.8.1.tgz",
      "integrity": "sha512-rDK0HNRDfklM9yC/X6mb2jsFbmGd1Rj7RrSLGiWTz8cQEEpKrxTrK/YHKTUOYvg7CtNFDCLSvXcIjOHdQnG/BA==",
      "requires": {
        "@lit/reactive-element": "^1.0.0-rc.2",
        "lit-html": "^1.0.0"
      }
    },
    "ionicons": {
      "version": "5.5.1",
      "resolved": "https://registry.npmjs.org/ionicons/-/ionicons-5.5.1.tgz",
      "integrity": "sha512-1auVisfaXmkmxINer8Q3kJGHP1vSxk86hf7By95eJ+Av9+oBcNuAEBfSe3jaMaGRVxVw8U/2j23MFq7R3c0HPg==",
      "dev": true,
      "requires": {
        "@stencil/core": "^2.5.0"
      }
    },
    "lit-html": {
      "version": "1.4.1",
      "resolved": "https://registry.npmjs.org/lit-html/-/lit-html-1.4.1.tgz",
      "integrity": "sha512-B9btcSgPYb1q4oSOb/PrOT6Z/H+r6xuNzfH4lFli/AWhYwdtrgQkQWBbIc6mdnf6E2IL3gDXdkkqNktpU0OZQA=="
    },
    "ms": {
      "version": "2.1.2",
      "resolved": "https://registry.npmjs.org/ms/-/ms-2.1.2.tgz",
      "integrity": "sha512-sGkPx+VjMtmA6MX27oA4FBFELFCZZ4S4XqeGOXCv68tT+jb3vk/RyaKWP0PTKyWtmLSM0b+adUTEvbs1PEaH2w=="
    },
    "tslib": {
      "version": "2.2.0",
      "resolved": "https://registry.npmjs.org/tslib/-/tslib-2.2.0.tgz",
      "integrity": "sha512-gS9GVHRU+RGn5KQM2rllAlR3dU6m7AcpJKdtH8gFvQiC4Otgk98XnmMU+nZenHt/+VhnBPWwgrJsyrdcw6i23w==",
      "dev": true
    }
  }
}
